Microsoft Visual Studio Solution File, Format Version 12.00
# Visual Studio 2012
Project("{FAE04EC0-301F-11D3-BF4B-00C04F79EFBC}") = "MyLearnings", "MyLearnings.csproj", "{4814ADB2-02DD-4DE5-9208-91FD321F2900}"
EndProject
Global
	GlobalSection(SolutionConfigurationPlatforms) = preSolution
	Debug|Any CPU = Debug|Any CPU
	ExportDebug|Any CPU = ExportDebug|Any CPU
	ExportRelease|Any CPU = ExportRelease|Any CPU
	EndGlobalSection
	GlobalSection(ProjectConfigurationPlatforms) = postSolution
		{4814ADB2-02DD-4DE5-9208-91FD321F2900}.Debug|Any CPU.ActiveCfg = Debug|Any CPU
		{4814ADB2-02DD-4DE5-9208-91FD321F2900}.Debug|Any CPU.Build.0 = Debug|Any CPU
		{4814ADB2-02DD-4DE5-9208-91FD321F2900}.ExportDebug|Any CPU.ActiveCfg = ExportDebug|Any CPU
		{4814ADB2-02DD-4DE5-9208-91FD321F2900}.ExportDebug|Any CPU.Build.0 = ExportDebug|Any CPU
		{4814ADB2-02DD-4DE5-9208-91FD321F2900}.ExportRelease|Any CPU.ActiveCfg = ExportRelease|Any CPU
		{4814ADB2-02DD-4DE5-9208-91FD321F2900}.ExportRelease|Any CPU.Build.0 = ExportRelease|Any CPU
	EndGlobalSection
EndGlobal
